Microsoft Visual Studio Solution File, Format Version 12.00
# Visual Studio Version 17
VisualStudioVersion = 17.0.32002.185
MinimumVisualStudioVersion = 10.0.40219.1
Project("{FAE04EC0-301F-11D3-BF4B-00C04F79EFBC}") = "DaisyView", "DaisyView\DaisyView.csproj", "{A1B2C3D4-E5F6-4A5B-9C8D-7E6F5A4B3C2D}"
EndProject
Project("{FAE04EC0-301F-11D3-BF4B-00C04F79EFBC}") = "DaisyView.Tests", "DaisyView.Tests\DaisyView.Tests.csproj", "{B2C3D4E5-F6A5-4B5B-9C8D-7E6F5A4B3C2E}"
EndProject
Global
	GlobalSection(SolutionConfigurationPlatforms) = preSolution
		Debug|Any CPU = Debug|Any CPU
		Release|Any CPU = Release|Any CPU
	EndGlobalSection
	GlobalSection(ProjectConfigurationPlatforms) = postSolution
		{A1B2C3D4-E5F6-4A5B-9C8D-7E6F5A4B3C2D}.Debug|Any CPU.ActiveCfg = Debug|Any CPU
		{A1B2C3D4-E5F6-4A5B-9C8D-7E6F5A4B3C2D}.Debug|Any CPU.Build.0 = Debug|Any CPU
		{A1B2C3D4-E5F6-4A5B-9C8D-7E6F5A4B3C2D}.Release|Any CPU.ActiveCfg = Release|Any CPU
		{A1B2C3D4-E5F6-4A5B-9C8D-7E6F5A4B3C2D}.Release|Any CPU.Build.0 = Release|Any CPU
		{B2C3D4E5-F6A5-4B5B-9C8D-7E6F5A4B3C2E}.Debug|Any CPU.ActiveCfg = Debug|Any CPU
		{B2C3D4E5-F6A5-4B5B-9C8D-7E6F5A4B3C2E}.Debug|Any CPU.Build.0 = Debug|Any CPU
		{B2C3D4E5-F6A5-4B5B-9C8D-7E6F5A4B3C2E}.Release|Any CPU.ActiveCfg = Release|Any CPU
		{B2C3D4E5-F6A5-4B5B-9C8D-7E6F5A4B3C2E}.Release|Any CPU.Build.0 = Release|Any CPU
	EndGlobalSection
EndGlobal
